
Microsoft Visual Studio Solution File, Format Version 12.00
# Visual Studio Version 17
VisualStudioVersion = 17.3.32901.215
MinimumVisualStudioVersion = 10.0.40219.1
Project("{FAE04EC0-301F-11D3-BF4B-00C04F79EFBC}") = "NumberAnalyzer", "NumberAnalyzer\NumberAnalyzer.csproj", "{5599BFB4-8F11-4887-AD1A-53F6D8C3206C}"
EndProject
Global
	GlobalSection(SolutionConfigurationPlatforms) = preSolution
		Debug|Any CPU = Debug|Any CPU
		Release|Any CPU = Release|Any CPU
	EndGlobalSection
	GlobalSection(ProjectConfigurationPlatforms) = postSolution
		{5599BFB4-8F11-4887-AD1A-53F6D8C3206C}.Debug|Any CPU.ActiveCfg = Debug|Any CPU
		{5599BFB4-8F11-4887-AD1A-53F6D8C3206C}.Debug|Any CPU.Build.0 = Debug|Any CPU
		{5599BFB4-8F11-4887-AD1A-53F6D8C3206C}.Release|Any CPU.ActiveCfg = Release|Any CPU
		{5599BFB4-8F11-4887-AD1A-53F6D8C3206C}.Release|Any CPU.Build.0 = Release|Any CPU
	EndGlobalSection
	GlobalSection(SolutionProperties) = preSolution
		HideSolutionNode = FALSE
	EndGlobalSection
	GlobalSection(ExtensibilityGlobals) = postSolution
		SolutionGuid = {E806CD25-A1C7-4209-B25A-97EA6FE27AAD}
	EndGlobalSection
EndGlobal
